# This file is automatically @generated by Cargo.
# It is not intended for manual editing.
version = 4

[[package]]
name = "ql-ai"
version = "0.1.0"

[[package]]
name = "ql-bench"
version = "0.1.0"

[[package]]
name = "ql-bindings-c"
version = "0.1.0"

[[package]]
name = "ql-bindings-node"
version = "0.1.0"

[[package]]
name = "ql-bindings-wasm"
version = "0.1.0"

[[package]]
name = "ql-calcgraph"
version = "0.1.0"

[[package]]
name = "ql-collab"
version = "0.1.0"

[[package]]
name = "ql-connectors"
version = "0.1.0"

[[package]]
name = "ql-exec"
version = "0.1.0"

[[package]]
name = "ql-formula-semantics"
version = "0.1.0"

[[package]]
name = "ql-formula-syntax"
version = "0.1.0"

[[package]]
name = "ql-functions"
version = "0.1.0"

[[package]]
name = "ql-io"
version = "0.1.0"

[[package]]
name = "ql-io-ods"
version = "0.1.0"

[[package]]
name = "ql-io-xlsx"
version = "0.1.0"

[[package]]
name = "ql-oplog"
version = "0.1.0"

[[package]]
name = "ql-profile"
version = "0.1.0"

[[package]]
name = "ql-service"
version = "0.1.0"

[[package]]
name = "ql-sql"
version = "0.1.0"

[[package]]
name = "ql-storage"
version = "0.1.0"

[[package]]
name = "ql-terminal"
version = "0.1.0"

[[package]]
name = "ql-types"
version = "0.1.0"

[[package]]
name = "ql-udf"
version = "0.1.0"

[[package]]
name = "quantbook-py"
version = "0.1.0"
